<?xml version="1.0" encoding="utf-8"?>
<Project ToolsVersion="4.0" xmlns="http://schemas.microsoft.com/developer/msbuild/2003">
  <ItemGroup>
    <Filter Include="Fichiers sources">
      <UniqueIdentifier>{4FC737F1-C7A5-4376-A066-2A32D752A2FF}</UniqueIdentifier>
      <Extensions>cpp;c;cc;cxx;def;odl;idl;hpj;bat;asm;asmx</Extensions>
    </Filter>
    <Filter Include="Fichiers d%27en-tête">
      <UniqueIdentifier>{93995380-89BD-4b04-88EB-625FBE52EBFB}</UniqueIdentifier>
      <Extensions>h;hh;hpp;hxx;hm;inl;inc;ipp;xsd</Extensions>
    </Filter>
    <Filter Include="Fichiers de ressources">
      <UniqueIdentifier>{67DA6AB6-F800-4c08-8B7A-83BB121AAD01}</UniqueIdentifier>
      <Extensions>rc;ico;cur;bmp;dlg;rc2;rct;bin;rgs;gif;jpg;jpeg;jpe;resx;tiff;tif;png;wav;mfcribbon-ms</Extensions>
    </Filter>
  </ItemGroup>
  <ItemGroup>
    <ClInclude Include="string_t.hpp">
      <Filter>Fichiers d%27en-tête</Filter>
    </ClInclude>
    <ClInclude Include="xio++.hpp">
      <Filter>Fichiers d%27en-tête</Filter>
    </ClInclude>
    <ClInclude Include="message.hpp">
      <Filter>Fichiers d%27en-tête</Filter>
    </ClInclude>
    <ClInclude Include="object.hpp">
      <Filter>Fichiers d%27en-tête</Filter>
    </ClInclude>
    <ClInclude Include="dlloader.hpp">
      <Filter>Fichiers d%27en-tête</Filter>
    </ClInclude>
    <ClInclude Include="expect.hpp">
      <Filter>Fichiers d%27en-tête</Filter>
    </ClInclude>
    <ClInclude Include="journal\logger.hpp">
      <Filter>Fichiers d%27en-tête</Filter>
    </ClInclude>
    <ClInclude Include="journal\journal.hpp">
      <Filter>Fichiers d%27en-tête</Filter>
    </ClInclude>
    <ClInclude Include="time_stamp.hpp">
      <Filter>Fichiers d%27en-tête</Filter>
    </ClInclude>
    <ClInclude Include="xtypes.hpp">
      <Filter>Fichiers d%27en-tête</Filter>
    </ClInclude>
    <ClInclude Include="interpreter\compiler\lexer.hpp">
      <Filter>Fichiers d%27en-tête</Filter>
    </ClInclude>
    <ClInclude Include="interpreter\kernel\alu.hpp">
      <Filter>Fichiers d%27en-tête</Filter>
    </ClInclude>
    <ClInclude Include="interpreter\kernel\xio.hpp">
      <Filter>Fichiers d%27en-tête</Filter>
    </ClInclude>
    <ClInclude Include="interpreter\kernel\variable.hpp">
      <Filter>Fichiers d%27en-tête</Filter>
    </ClInclude>
    <ClInclude Include="interpreter\compiler\grammar.hpp">
      <Filter>Fichiers d%27en-tête</Filter>
    </ClInclude>
    <ClInclude Include="interpreter\compiler\compiler.hpp">
      <Filter>Fichiers d%27en-tête</Filter>
    </ClInclude>
    <ClInclude Include="interpreter\kernel\bloc.hpp">
      <Filter>Fichiers d%27en-tête</Filter>
    </ClInclude>
  </ItemGroup>
  <ItemGroup>
    <ClCompile Include="string_t.cxx">
      <Filter>Fichiers sources</Filter>
    </ClCompile>
    <ClCompile Include="message.cxx">
      <Filter>Fichiers sources</Filter>
    </ClCompile>
    <ClCompile Include="object.cxx">
      <Filter>Fichiers sources</Filter>
    </ClCompile>
    <ClCompile Include="dlloader.cxx">
      <Filter>Fichiers sources</Filter>
    </ClCompile>
    <ClCompile Include="journal\journal.cxx">
      <Filter>Fichiers sources</Filter>
    </ClCompile>
    <ClCompile Include="journal\logger.cxx">
      <Filter>Fichiers sources</Filter>
    </ClCompile>
    <ClCompile Include="time_stamp.cxx">
      <Filter>Fichiers sources</Filter>
    </ClCompile>
    <ClCompile Include="xtypes.cxx">
      <Filter>Fichiers sources</Filter>
    </ClCompile>
    <ClCompile Include="interpreter\compiler\lexer.cxx">
      <Filter>Fichiers sources</Filter>
    </ClCompile>
    <ClCompile Include="interpreter\kernel\alu.cxx">
      <Filter>Fichiers sources</Filter>
    </ClCompile>
    <ClCompile Include="interpreter\kernel\xio.cxx">
      <Filter>Fichiers sources</Filter>
    </ClCompile>
    <ClCompile Include="interpreter\kernel\variable.cxx">
      <Filter>Fichiers sources</Filter>
    </ClCompile>
    <ClCompile Include="interpreter\compiler\grammar.cxx">
      <Filter>Fichiers sources</Filter>
    </ClCompile>
    <ClCompile Include="interpreter\compiler\compiler.cxx">
      <Filter>Fichiers sources</Filter>
    </ClCompile>
    <ClCompile Include="interpreter\kernel\bloc.cxx">
      <Filter>Fichiers sources</Filter>
    </ClCompile>
  </ItemGroup>
</Project>